
Microsoft Visual Studio Solution File, Format Version 12.00
# Visual Studio Version 17
VisualStudioVersion = 17.4.33403.182
MinimumVisualStudioVersion = 10.0.40219.1
Project("{FAE04EC0-301F-11D3-BF4B-00C04F79EFBC}") = "20230224", "20230224\20230224.csproj", "{A01A077F-14D3-43D0-AEF7-4538A464501F}"
EndProject
Global
	GlobalSection(SolutionConfigurationPlatforms) = preSolution
		Debug|Any CPU = Debug|Any CPU
		Release|Any CPU = Release|Any CPU
	EndGlobalSection
	GlobalSection(ProjectConfigurationPlatforms) = postSolution
		{A01A077F-14D3-43D0-AEF7-4538A464501F}.Debug|Any CPU.ActiveCfg = Debug|Any CPU
		{A01A077F-14D3-43D0-AEF7-4538A464501F}.Debug|Any CPU.Build.0 = Debug|Any CPU
		{A01A077F-14D3-43D0-AEF7-4538A464501F}.Release|Any CPU.ActiveCfg = Release|Any CPU
		{A01A077F-14D3-43D0-AEF7-4538A464501F}.Release|Any CPU.Build.0 = Release|Any CPU
	EndGlobalSection
	GlobalSection(SolutionProperties) = preSolution
		HideSolutionNode = FALSE
	EndGlobalSection
	GlobalSection(ExtensibilityGlobals) = postSolution
		SolutionGuid = {B6ABF822-DF1F-4C6E-813F-74633D05574F}
	EndGlobalSection
EndGlobal
